
Microsoft Visual Studio Solution File, Format Version 12.00
# Visual Studio Version 17
VisualStudioVersion = 17.3.32611.2
MinimumVisualStudioVersion = 10.0.40219.1
Project("{9A19103F-16F7-4668-BE54-9A1E7A4F7556}") = "SpaceShop", "SpaceShop\SpaceShop.csproj", "{5AE78086-A09C-4998-997B-62CD6DF090E4}"
EndProject
Project("{9A19103F-16F7-4668-BE54-9A1E7A4F7556}") = "SpaceShop_Utility", "SpaceShop_Utility\SpaceShop_Utility.csproj", "{D5DD564D-40FB-401A-A9E6-7FABE5410C78}"
EndProject
Project("{9A19103F-16F7-4668-BE54-9A1E7A4F7556}") = "SpaceShop_Models", "SpaceShop_Models\SpaceShop_Models.csproj", "{EAC58134-E16C-4104-91C4-2B20FEDE75DF}"
EndProject
Project("{9A19103F-16F7-4668-BE54-9A1E7A4F7556}") = "SpaceShop_ViewModels", "SpaceShop_ViewModels\SpaceShop_ViewModels.csproj", "{8B0F7E7A-9675-4E5D-8EB9-9EE0A0553A77}"
EndProject
Project("{9A19103F-16F7-4668-BE54-9A1E7A4F7556}") = "SpaceShop_DataMigrations", "SpaceShop_DataMigrations\SpaceShop_DataMigrations.csproj", "{12C6EF8F-D328-43B1-990B-395D4FF9E402}"
EndProject
Project("{FAE04EC0-301F-11D3-BF4B-00C04F79EFBC}") = "LogicService", "OrderService\LogicService.csproj", "{8E8AAE33-4779-4BE2-9D97-B2B171B66B67}"
EndProject
Global
	GlobalSection(SolutionConfigurationPlatforms) = preSolution
		Debug|Any CPU = Debug|Any CPU
		Release|Any CPU = Release|Any CPU
	EndGlobalSection
	GlobalSection(ProjectConfigurationPlatforms) = postSolution
		{5AE78086-A09C-4998-997B-62CD6DF090E4}.Debug|Any CPU.ActiveCfg = Debug|Any CPU
		{5AE78086-A09C-4998-997B-62CD6DF090E4}.Debug|Any CPU.Build.0 = Debug|Any CPU
		{5AE78086-A09C-4998-997B-62CD6DF090E4}.Release|Any CPU.ActiveCfg = Release|Any CPU
		{5AE78086-A09C-4998-997B-62CD6DF090E4}.Release|Any CPU.Build.0 = Release|Any CPU
		{D5DD564D-40FB-401A-A9E6-7FABE5410C78}.Debug|Any CPU.ActiveCfg = Debug|Any CPU
		{D5DD564D-40FB-401A-A9E6-7FABE5410C78}.Debug|Any CPU.Build.0 = Debug|Any CPU
		{D5DD564D-40FB-401A-A9E6-7FABE5410C78}.Release|Any CPU.ActiveCfg = Release|Any CPU
		{D5DD564D-40FB-401A-A9E6-7FABE5410C78}.Release|Any CPU.Build.0 = Release|Any CPU
		{EAC58134-E16C-4104-91C4-2B20FEDE75DF}.Debug|Any CPU.ActiveCfg = Debug|Any CPU
		{EAC58134-E16C-4104-91C4-2B20FEDE75DF}.Debug|Any CPU.Build.0 = Debug|Any CPU
		{EAC58134-E16C-4104-91C4-2B20FEDE75DF}.Release|Any CPU.ActiveCfg = Release|Any CPU
		{EAC58134-E16C-4104-91C4-2B20FEDE75DF}.Release|Any CPU.Build.0 = Release|Any CPU
		{8B0F7E7A-9675-4E5D-8EB9-9EE0A0553A77}.Debug|Any CPU.ActiveCfg = Debug|Any CPU
		{8B0F7E7A-9675-4E5D-8EB9-9EE0A0553A77}.Debug|Any CPU.Build.0 = Debug|Any CPU
		{8B0F7E7A-9675-4E5D-8EB9-9EE0A0553A77}.Release|Any CPU.ActiveCfg = Release|Any CPU
		{8B0F7E7A-9675-4E5D-8EB9-9EE0A0553A77}.Release|Any CPU.Build.0 = Release|Any CPU
		{12C6EF8F-D328-43B1-990B-395D4FF9E402}.Debug|Any CPU.ActiveCfg = Debug|Any CPU
		{12C6EF8F-D328-43B1-990B-395D4FF9E402}.Debug|Any CPU.Build.0 = Debug|Any CPU
		{12C6EF8F-D328-43B1-990B-395D4FF9E402}.Release|Any CPU.ActiveCfg = Release|Any CPU
		{12C6EF8F-D328-43B1-990B-395D4FF9E402}.Release|Any CPU.Build.0 = Release|Any CPU
		{8E8AAE33-4779-4BE2-9D97-B2B171B66B67}.Debug|Any CPU.ActiveCfg = Debug|Any CPU
		{8E8AAE33-4779-4BE2-9D97-B2B171B66B67}.Debug|Any CPU.Build.0 = Debug|Any CPU
		{8E8AAE33-4779-4BE2-9D97-B2B171B66B67}.Release|Any CPU.ActiveCfg = Release|Any CPU
		{8E8AAE33-4779-4BE2-9D97-B2B171B66B67}.Release|Any CPU.Build.0 = Release|Any CPU
	EndGlobalSection
	GlobalSection(SolutionProperties) = preSolution
		HideSolutionNode = FALSE
	EndGlobalSection
	GlobalSection(ExtensibilityGlobals) = postSolution
		SolutionGuid = {449A8497-97CA-4FC2-8173-169908BCBD5A}
	EndGlobalSection
EndGlobal
